
Microsoft Visual Studio Solution File, Format Version 12.00
# Visual Studio 15
VisualStudioVersion = 15.0.27130.2010
MinimumVisualStudioVersion = 10.0.40219.1
Project("{FAE04EC0-301F-11D3-BF4B-00C04F79EFBC}") = "NelsonShaw_Assignment1_991463584", "NelsonShaw_Assignment1_991463584\NelsonShaw_Assignment1_991463584.csproj", "{8BC2305F-8ED0-47A6-AA3C-3F4423D9B3F2}"
EndProject
Global
	GlobalSection(SolutionConfigurationPlatforms) = preSolution
		Debug|Any CPU = Debug|Any CPU
		Release|Any CPU = Release|Any CPU
	EndGlobalSection
	GlobalSection(ProjectConfigurationPlatforms) = postSolution
		{8BC2305F-8ED0-47A6-AA3C-3F4423D9B3F2}.Debug|Any CPU.ActiveCfg = Debug|Any CPU
		{8BC2305F-8ED0-47A6-AA3C-3F4423D9B3F2}.Debug|Any CPU.Build.0 = Debug|Any CPU
		{8BC2305F-8ED0-47A6-AA3C-3F4423D9B3F2}.Release|Any CPU.ActiveCfg = Release|Any CPU
		{8BC2305F-8ED0-47A6-AA3C-3F4423D9B3F2}.Release|Any CPU.Build.0 = Release|Any CPU
	EndGlobalSection
	GlobalSection(SolutionProperties) = preSolution
		HideSolutionNode = FALSE
	EndGlobalSection
	GlobalSection(ExtensibilityGlobals) = postSolution
		SolutionGuid = {86A1887F-C6F2-457F-850B-AAAA084001B7}
	EndGlobalSection
EndGlobal
